
Microsoft Visual Studio Solution File, Format Version 12.00
# Visual Studio 2012
Project("{FAE04EC0-301F-11D3-BF4B-00C04F79EFBC}") = "CSharpFeaturesTest", "CSharpFeaturesTest\CSharpFeaturesTest.csproj", "{0C5117E8-5741-455A-9CD4-ACD5FCBC517A}"
EndProject
Global
	GlobalSection(SolutionConfigurationPlatforms) = preSolution
		Debug|Any CPU = Debug|Any CPU
		Release|Any CPU = Release|Any CPU
	EndGlobalSection
	GlobalSection(ProjectConfigurationPlatforms) = postSolution
		{0C5117E8-5741-455A-9CD4-ACD5FCBC517A}.Debug|Any CPU.ActiveCfg = Debug|Any CPU
		{0C5117E8-5741-455A-9CD4-ACD5FCBC517A}.Debug|Any CPU.Build.0 = Debug|Any CPU
		{0C5117E8-5741-455A-9CD4-ACD5FCBC517A}.Release|Any CPU.ActiveCfg = Release|Any CPU
		{0C5117E8-5741-455A-9CD4-ACD5FCBC517A}.Release|Any CPU.Build.0 = Release|Any CPU
	EndGlobalSection
	GlobalSection(SolutionProperties) = preSolution
		HideSolutionNode = FALSE
	EndGlobalSection
EndGlobal
